{
  "name": "steamachievementnotifier",
  "version": "1.85.1",
  "lockfileVersion": 1,
  "requires": true,
  "dependencies": {
    "@tauri-apps/api": {
      "version": "1.4.0",
      "resolved": "https://registry.npmjs.org/@tauri-apps/api/-/api-1.4.0.tgz",
      "integrity": "sha512-Jd6HPoTM1PZSFIzq7FB8VmMu3qSSyo/3lSwLpoapW+lQ41CL5Dow2KryLg+gyazA/58DRWI9vu/XpEeHK4uMdw=="
    },
    "@tauri-apps/cli": {
      "version": "1.4.0",
      "resolved": "https://registry.npmjs.org/@tauri-apps/cli/-/cli-1.4.0.tgz",
      "integrity": "sha512-VXYr2i2iVFl98etQSQsqLzXgX96bnWiNZd1YADgatqwy/qecbd6Kl5ZAPB5R4ynsgE8A1gU7Fbzh7dCEQYFfmA==",
      "dev": true,
      "requires": {
        "@tauri-apps/cli-darwin-arm64": "1.4.0",
        "@tauri-apps/cli-darwin-x64": "1.4.0",
        "@tauri-apps/cli-linux-arm-gnueabihf": "1.4.0",
        "@tauri-apps/cli-linux-arm64-gnu": "1.4.0",
        "@tauri-apps/cli-linux-arm64-musl": "1.4.0",
        "@tauri-apps/cli-linux-x64-gnu": "1.4.0",
        "@tauri-apps/cli-linux-x64-musl": "1.4.0",
        "@tauri-apps/cli-win32-arm64-msvc": "1.4.0",
        "@tauri-apps/cli-win32-ia32-msvc": "1.4.0",
        "@tauri-apps/cli-win32-x64-msvc": "1.4.0"
      }
    },
    "@tauri-apps/cli-darwin-arm64": {
      "version": "1.4.0",
      "resolved": "https://registry.npmjs.org/@tauri-apps/cli-darwin-arm64/-/cli-darwin-arm64-1.4.0.tgz",
      "integrity": "sha512-nA/ml0SfUt6/CYLVbHmT500Y+ijqsuv5+s9EBnVXYSLVg9kbPUZJJHluEYK+xKuOj6xzyuT/+rZFMRapmJD3jQ==",
      "dev": true,
      "optional": true
    },
    "@tauri-apps/cli-darwin-x64": {
      "version": "1.4.0",
      "resolved": "https://registry.npmjs.org/@tauri-apps/cli-darwin-x64/-/cli-darwin-x64-1.4.0.tgz",
      "integrity": "sha512-ov/F6Zr+dg9B0PtRu65stFo2G0ow2TUlneqYYrkj+vA3n+moWDHfVty0raDjMLQbQt3rv3uayFMXGPMgble9OA==",
      "dev": true,
      "optional": true
    },
    "@tauri-apps/cli-linux-arm-gnueabihf": {
      "version": "1.4.0",
      "resolved": "https://registry.npmjs.org/@tauri-apps/cli-linux-arm-gnueabihf/-/cli-linux-arm-gnueabihf-1.4.0.tgz",
      "integrity": "sha512-zwjbiMncycXDV7doovymyKD7sCg53ouAmfgpUqEBOTY3vgBi9TwijyPhJOqoG5vUVWhouNBC08akGmE4dja15g==",
      "dev": true,
      "optional": true
    },
    "@tauri-apps/cli-linux-arm64-gnu": {
      "version": "1.4.0",
      "resolved": "https://registry.npmjs.org/@tauri-apps/cli-linux-arm64-gnu/-/cli-linux-arm64-gnu-1.4.0.tgz",
      "integrity": "sha512-5MCBcziqXC72mMXnkZU68mutXIR6zavDxopArE2gQtK841IlE06bIgtLi0kUUhlFJk2nhPRgiDgdLbrPlyt7fw==",
      "dev": true,
      "optional": true
    },
    "@tauri-apps/cli-linux-arm64-musl": {
      "version": "1.4.0",
      "resolved": "https://registry.npmjs.org/@tauri-apps/cli-linux-arm64-musl/-/cli-linux-arm64-musl-1.4.0.tgz",
      "integrity": "sha512-7J3pRB6n6uNYgIfCeKt2Oz8J7oSaz2s8GGFRRH2HPxuTHrBNCinzVYm68UhVpJrL3bnGkU0ziVZLsW/iaOGfUg==",
      "dev": true,
      "optional": true
    },
    "@tauri-apps/cli-linux-x64-gnu": {
      "version": "1.4.0",
      "resolved": "https://registry.npmjs.org/@tauri-apps/cli-linux-x64-gnu/-/cli-linux-x64-gnu-1.4.0.tgz",
      "integrity": "sha512-Zh5gfAJxOv5AVWxcwuueaQ2vIAhlg0d6nZui6nMyfIJ8dbf3aZQ5ZzP38sYow5h/fbvgL+3GSQxZRBIa3c2E1w==",
      "dev": true,
      "optional": true
    },
    "@tauri-apps/cli-linux-x64-musl": {
      "version": "1.4.0",
      "resolved": "https://registry.npmjs.org/@tauri-apps/cli-linux-x64-musl/-/cli-linux-x64-musl-1.4.0.tgz",
      "integrity": "sha512-OLAYoICU3FaYiTdBsI+lQTKnDHeMmFMXIApN0M+xGiOkoIOQcV9CConMPjgmJQ867+NHRNgUGlvBEAh9CiJodQ==",
      "dev": true,
      "optional": true
    },
    "@tauri-apps/cli-win32-arm64-msvc": {
      "version": "1.4.0",
      "resolved": "https://registry.npmjs.org/@tauri-apps/cli-win32-arm64-msvc/-/cli-win32-arm64-msvc-1.4.0.tgz",
      "integrity": "sha512-gZ05GENFbI6CB5MlOUsLlU0kZ9UtHn9riYtSXKT6MYs8HSPRffPHaHSL0WxsJweWh9nR5Hgh/TUU8uW3sYCzCg==",
      "dev": true,
      "optional": true
    },
    "@tauri-apps/cli-win32-ia32-msvc": {
      "version": "1.4.0",
      "resolved": "https://registry.npmjs.org/@tauri-apps/cli-win32-ia32-msvc/-/cli-win32-ia32-msvc-1.4.0.tgz",
      "integrity": "sha512-JsetT/lTx/Zq98eo8T5CiRyF1nKeX04RO8JlJrI3ZOYsZpp/A5RJvMd/szQ17iOzwiHdge+tx7k2jHysR6oBlQ==",
      "dev": true,
      "optional": true
    },
    "@tauri-apps/cli-win32-x64-msvc": {
      "version": "1.4.0",
      "resolved": "https://registry.npmjs.org/@tauri-apps/cli-win32-x64-msvc/-/cli-win32-x64-msvc-1.4.0.tgz",
      "integrity": "sha512-z8Olcnwp5aYhzqUAarFjqF+oELCjuYWnB2HAJHlfsYNfDCAORY5kct3Fklz8PSsubC3U2EugWn8n42DwnThurg==",
      "dev": true,
      "optional": true
    },
    "tauri-plugin-autostart-api": {
      "version": "git+https://github.com/tauri-apps/tauri-plugin-autostart.git#8d2706d05568f71eb81a05c3c891db1291c3ca82",
      "from": "git+https://github.com/tauri-apps/tauri-plugin-autostart.git",
      "requires": {
        "@tauri-apps/api": "^1.2.0"
      }
    },
    "tauri-plugin-upload-api": {
      "version": "git+https://github.com/tauri-apps/tauri-plugin-upload.git#8fbea0cf983ef9aaf623ee0d8fcc1ccc8c07af3c",
      "from": "git+https://github.com/tauri-apps/tauri-plugin-upload.git",
      "requires": {
        "@tauri-apps/api": "^1.2.0"
      }
    }
  }
}
